
Microsoft Visual Studio Solution File, Format Version 12.00
# Visual Studio 2012
Project("{FAE04EC0-301F-11D3-BF4B-00C04F79EFBC}") = "bases2proyecto", "bases2proyecto\bases2proyecto.csproj", "{8FBC2A93-B53D-48A7-896B-9657D4DF2824}"
EndProject
Global
	GlobalSection(SolutionConfigurationPlatforms) = preSolution
		Debug|Any CPU = Debug|Any CPU
		Release|Any CPU = Release|Any CPU
	EndGlobalSection
	GlobalSection(ProjectConfigurationPlatforms) = postSolution
		{8FBC2A93-B53D-48A7-896B-9657D4DF2824}.Debug|Any CPU.ActiveCfg = Debug|Any CPU
		{8FBC2A93-B53D-48A7-896B-9657D4DF2824}.Debug|Any CPU.Build.0 = Debug|Any CPU
		{8FBC2A93-B53D-48A7-896B-9657D4DF2824}.Release|Any CPU.ActiveCfg = Release|Any CPU
		{8FBC2A93-B53D-48A7-896B-9657D4DF2824}.Release|Any CPU.Build.0 = Release|Any CPU
	EndGlobalSection
	GlobalSection(SolutionProperties) = preSolution
		HideSolutionNode = FALSE
	EndGlobalSection
EndGlobal
